
Microsoft Visual Studio Solution File, Format Version 12.00
# Visual Studio Version 17
VisualStudioVersion = 17.7.34031.279
MinimumVisualStudioVersion = 10.0.40219.1
Project("{FAE04EC0-301F-11D3-BF4B-00C04F79EFBC}") = "E-commerce [.net]", "E-commerce [.net].csproj", "{2FB0B4D0-A165-4BE2-8121-E98AB15C66D6}"
EndProject
Global
	GlobalSection(SolutionConfigurationPlatforms) = preSolution
		Debug|Any CPU = Debug|Any CPU
		Release|Any CPU = Release|Any CPU
	EndGlobalSection
	GlobalSection(ProjectConfigurationPlatforms) = postSolution
		{2FB0B4D0-A165-4BE2-8121-E98AB15C66D6}.Debug|Any CPU.ActiveCfg = Debug|Any CPU
		{2FB0B4D0-A165-4BE2-8121-E98AB15C66D6}.Debug|Any CPU.Build.0 = Debug|Any CPU
		{2FB0B4D0-A165-4BE2-8121-E98AB15C66D6}.Release|Any CPU.ActiveCfg = Release|Any CPU
		{2FB0B4D0-A165-4BE2-8121-E98AB15C66D6}.Release|Any CPU.Build.0 = Release|Any CPU
	EndGlobalSection
	GlobalSection(SolutionProperties) = preSolution
		HideSolutionNode = FALSE
	EndGlobalSection
	GlobalSection(ExtensibilityGlobals) = postSolution
		SolutionGuid = {A97432C0-6FC4-4D9A-A950-9620263BA5F9}
	EndGlobalSection
EndGlobal
